
Microsoft Visual Studio Solution File, Format Version 12.00
# Visual Studio 15
VisualStudioVersion = 15.0.28307.421
MinimumVisualStudioVersion = 10.0.40219.1
Project("{8BC9CEB8-8B4A-11D0-8D11-00A0C91BC942}") = "Project8", "Project8\Project8.vcxproj", "{BBCD8BB1-0FDF-4D85-AA1F-5839EDD585B1}"
EndProject
Global
	GlobalSection(SolutionConfigurationPlatforms) = preSolution
		Debug|x64 = Debug|x64
		Debug|x86 = Debug|x86
		Release|x64 = Release|x64
		Release|x86 = Release|x86
	EndGlobalSection
	GlobalSection(ProjectConfigurationPlatforms) = postSolution
		{BBCD8BB1-0FDF-4D85-AA1F-5839EDD585B1}.Debug|x64.ActiveCfg = Debug|x64
		{BBCD8BB1-0FDF-4D85-AA1F-5839EDD585B1}.Debug|x64.Build.0 = Debug|x64
		{BBCD8BB1-0FDF-4D85-AA1F-5839EDD585B1}.Debug|x86.ActiveCfg = Debug|Win32
		{BBCD8BB1-0FDF-4D85-AA1F-5839EDD585B1}.Debug|x86.Build.0 = Debug|Win32
		{BBCD8BB1-0FDF-4D85-AA1F-5839EDD585B1}.Release|x64.ActiveCfg = Release|x64
		{BBCD8BB1-0FDF-4D85-AA1F-5839EDD585B1}.Release|x64.Build.0 = Release|x64
		{BBCD8BB1-0FDF-4D85-AA1F-5839EDD585B1}.Release|x86.ActiveCfg = Release|Win32
		{BBCD8BB1-0FDF-4D85-AA1F-5839EDD585B1}.Release|x86.Build.0 = Release|Win32
	EndGlobalSection
	GlobalSection(SolutionProperties) = preSolution
		HideSolutionNode = FALSE
	EndGlobalSection
	GlobalSection(ExtensibilityGlobals) = postSolution
		SolutionGuid = {1DF91CFD-441E-45D6-89D9-99285CBF836A}
	EndGlobalSection
EndGlobal
